<?xml version="1.0" encoding="utf-8"?>
<Project ToolsVersion="4.0" xmlns="http://schemas.microsoft.com/developer/msbuild/2003">
  <ItemGroup>
    <Filter Include="Source Files">
      <UniqueIdentifier>{4FC737F1-C7A5-4376-A066-2A32D752A2FF}</UniqueIdentifier>
      <Extensions>cpp;c;cc;cxx;c++;cppm;ixx;def;odl;idl;hpj;bat;asm;asmx</Extensions>
    </Filter>
    <Filter Include="Header Files">
      <UniqueIdentifier>{93995380-89BD-4b04-88EB-625FBE52EBFB}</UniqueIdentifier>
      <Extensions>h;hh;hpp;hxx;h++;hm;inl;inc;ipp;xsd</Extensions>
    </Filter>
    <Filter Include="Interface">
      <UniqueIdentifier>{67DA6AB6-F800-4c08-8B7A-83BB121AAD01}</UniqueIdentifier>
      <Extensions>rc;ico;cur;bmp;dlg;rc2;rct;bin;rgs;gif;jpg;jpeg;jpe;resx;tiff;tif;png;wav;mfcribbon-ms</Extensions>
    </Filter>
    <Filter Include="Libraries">
      <UniqueIdentifier>{2fb524c3-c0e1-409c-af31-930452035702}</UniqueIdentifier>
    </Filter>
    <Filter Include="Libraries\ImGui">
      <UniqueIdentifier>{37231acd-ac3f-470f-bab8-c403b3480674}</UniqueIdentifier>
    </Filter>
    <Filter Include="Libraries\Edited ImGui">
      <UniqueIdentifier>{92a163a9-8743-424f-9db6-678f9cb953eb}</UniqueIdentifier>
    </Filter>
    <Filter Include="Libraries\MinHook">
      <UniqueIdentifier>{1e09f73d-dc33-4cd2-be11-4244c74e4a45}</UniqueIdentifier>
    </Filter>
    <Filter Include="Features">
      <UniqueIdentifier>{027706ac-f10b-445a-8486-992b6ae06165}</UniqueIdentifier>
    </Filter>
    <Filter Include="Hooks">
      <UniqueIdentifier>{714e9758-0122-4b84-a065-f66e61f761d6}</UniqueIdentifier>
    </Filter>
  </ItemGroup>
  <ItemGroup>
    <ClInclude Include="framework.h">
      <Filter>Header Files</Filter>
    </ClInclude>
    <ClInclude Include="pch.h">
      <Filter>Header Files</Filter>
    </ClInclude>
    <ClInclude Include="Interface\logo.h">
      <Filter>Interface</Filter>
    </ClInclude>
    <ClInclude Include="fonts.h">
      <Filter>Interface</Filter>
    </ClInclude>
    <ClInclude Include="Libraries\MinHook\MinHook.h">
      <Filter>Libraries\MinHook</Filter>
    </ClInclude>
    <ClInclude Include="Libraries\Edited ImGui\imgui_edited.hpp">
      <Filter>Libraries\Edited ImGui</Filter>
    </ClInclude>
    <ClInclude Include="Libraries\ImGui\imconfig.h">
      <Filter>Libraries\ImGui</Filter>
    </ClInclude>
    <ClInclude Include="Libraries\ImGui\imgui.h">
      <Filter>Libraries\ImGui</Filter>
    </ClInclude>
    <ClInclude Include="Libraries\ImGui\imgui_impl_dx11.h">
      <Filter>Libraries\ImGui</Filter>
    </ClInclude>
    <ClInclude Include="Libraries\ImGui\imgui_impl_win32.h">
      <Filter>Libraries\ImGui</Filter>
    </ClInclude>
    <ClInclude Include="Libraries\ImGui\imgui_internal.h">
      <Filter>Libraries\ImGui</Filter>
    </ClInclude>
    <ClInclude Include="Libraries\ImGui\imgui_settings.h">
      <Filter>Libraries\ImGui</Filter>
    </ClInclude>
    <ClInclude Include="Libraries\ImGui\imstb_rectpack.h">
      <Filter>Libraries\ImGui</Filter>
    </ClInclude>
    <ClInclude Include="Libraries\ImGui\imstb_textedit.h">
      <Filter>Libraries\ImGui</Filter>
    </ClInclude>
    <ClInclude Include="Libraries\ImGui\imstb_truetype.h">
      <Filter>Libraries\ImGui</Filter>
    </ClInclude>
    <ClInclude Include="Interface\cmenu.hpp">
      <Filter>Header Files</Filter>
    </ClInclude>
    <ClInclude Include="Interface\functions.hpp">
      <Filter>Header Files</Filter>
    </ClInclude>
    <ClInclude Include="Features\Misc\Movement\Movement.hpp">
      <Filter>Header Files</Filter>
    </ClInclude>
    <ClInclude Include="Utilities\Math.h">
      <Filter>Header Files</Filter>
    </ClInclude>
  </ItemGroup>
  <ItemGroup>
    <ClCompile Include="dllmain.cpp">
      <Filter>Source Files</Filter>
    </ClCompile>
    <ClCompile Include="pch.cpp">
      <Filter>Source Files</Filter>
    </ClCompile>
    <ClCompile Include="Libraries\Edited ImGui\imgui_edited.cpp">
      <Filter>Libraries\Edited ImGui</Filter>
    </ClCompile>
    <ClCompile Include="Libraries\ImGui\imgui.cpp">
      <Filter>Libraries\ImGui</Filter>
    </ClCompile>
    <ClCompile Include="Libraries\ImGui\imgui_demo.cpp">
      <Filter>Libraries\ImGui</Filter>
    </ClCompile>
    <ClCompile Include="Libraries\ImGui\imgui_draw.cpp">
      <Filter>Libraries\ImGui</Filter>
    </ClCompile>
    <ClCompile Include="Libraries\ImGui\imgui_impl_dx11.cpp">
      <Filter>Libraries\ImGui</Filter>
    </ClCompile>
    <ClCompile Include="Libraries\ImGui\imgui_impl_win32.cpp">
      <Filter>Libraries\ImGui</Filter>
    </ClCompile>
    <ClCompile Include="Libraries\ImGui\imgui_tables.cpp">
      <Filter>Libraries\ImGui</Filter>
    </ClCompile>
    <ClCompile Include="Libraries\ImGui\imgui_widgets.cpp">
      <Filter>Libraries\ImGui</Filter>
    </ClCompile>
    <ClCompile Include="Interface\cmenu.cpp">
      <Filter>Source Files</Filter>
    </ClCompile>
    <ClCompile Include="Interface\crender.cpp">
      <Filter>Source Files</Filter>
    </ClCompile>
    <ClCompile Include="Features\Misc\Movement\Movement.cpp">
      <Filter>Source Files</Filter>
    </ClCompile>
    <ClCompile Include="Utilities\Math.cpp">
      <Filter>Source Files</Filter>
    </ClCompile>
  </ItemGroup>
</Project>